
Microsoft Visual Studio Solution File, Format Version 12.00
# Visual Studio Version 17
VisualStudioVersion = 17.0.31903.59
MinimumVisualStudioVersion = 10.0.40219.1
Project("{2150E333-8FDC-42A3-9474-1A3956D46DE8}") = "src", "src", "{827E0CD3-B72D-47B6-A68D-7590B98EB39B}"
EndProject
Project("{FAE04EC0-301F-11D3-BF4B-00C04F79EFBC}") = "GhcpAssistant.Core", "src\GhcpAssistant.Core\GhcpAssistant.Core.csproj", "{4BB8963F-95BF-4606-9741-8B78641E47D5}"
EndProject
Project("{FAE04EC0-301F-11D3-BF4B-00C04F79EFBC}") = "GhcpAssistant.Sdk", "src\GhcpAssistant.Sdk\GhcpAssistant.Sdk.csproj", "{C47BC66A-8D11-429B-9060-7FA1A0D98813}"
EndProject
Project("{FAE04EC0-301F-11D3-BF4B-00C04F79EFBC}") = "GhcpAssistant.Tools", "src\GhcpAssistant.Tools\GhcpAssistant.Tools.csproj", "{79AEF6D9-9F2C-4648-9A3A-62CD5EFF6C9F}"
EndProject
Project("{FAE04EC0-301F-11D3-BF4B-00C04F79EFBC}") = "GhcpAssistant.Channels", "src\GhcpAssistant.Channels\GhcpAssistant.Channels.csproj", "{2C1F3E8A-067B-4AAF-8D9D-EE052F3E3609}"
EndProject
Project("{FAE04EC0-301F-11D3-BF4B-00C04F79EFBC}") = "GhcpAssistant.Cli", "src\GhcpAssistant.Cli\GhcpAssistant.Cli.csproj", "{1AB516BF-1B9D-490D-9C8E-215625CA7A82}"
EndProject
Project("{2150E333-8FDC-42A3-9474-1A3956D46DE8}") = "tests", "tests", "{0AB3BF05-4346-4AA6-1389-037BE0695223}"
EndProject
Project("{FAE04EC0-301F-11D3-BF4B-00C04F79EFBC}") = "GhcpAssistant.Core.Tests", "tests\GhcpAssistant.Core.Tests\GhcpAssistant.Core.Tests.csproj", "{016AC4C9-CC77-4076-8454-016722877BEB}"
EndProject
Project("{FAE04EC0-301F-11D3-BF4B-00C04F79EFBC}") = "GhcpAssistant.Sdk.Tests", "tests\GhcpAssistant.Sdk.Tests\GhcpAssistant.Sdk.Tests.csproj", "{4109AAD9-FD79-4C96-8CE3-0C2E0DB336CF}"
EndProject
Project("{FAE04EC0-301F-11D3-BF4B-00C04F79EFBC}") = "GhcpAssistant.Tools.Tests", "tests\GhcpAssistant.Tools.Tests\GhcpAssistant.Tools.Tests.csproj", "{9292423B-C144-4540-8C03-F00E84C1FE7B}"
EndProject
Global
	GlobalSection(SolutionConfigurationPlatforms) = preSolution
		Debug|Any CPU = Debug|Any CPU
		Debug|x64 = Debug|x64
		Debug|x86 = Debug|x86
		Release|Any CPU = Release|Any CPU
		Release|x64 = Release|x64
		Release|x86 = Release|x86
	EndGlobalSection
	GlobalSection(ProjectConfigurationPlatforms) = postSolution
		{4BB8963F-95BF-4606-9741-8B78641E47D5}.Debug|Any CPU.ActiveCfg = Debug|Any CPU
		{4BB8963F-95BF-4606-9741-8B78641E47D5}.Debug|Any CPU.Build.0 = Debug|Any CPU
		{4BB8963F-95BF-4606-9741-8B78641E47D5}.Debug|x64.ActiveCfg = Debug|Any CPU
		{4BB8963F-95BF-4606-9741-8B78641E47D5}.Debug|x64.Build.0 = Debug|Any CPU
		{4BB8963F-95BF-4606-9741-8B78641E47D5}.Debug|x86.ActiveCfg = Debug|Any CPU
		{4BB8963F-95BF-4606-9741-8B78641E47D5}.Debug|x86.Build.0 = Debug|Any CPU
		{4BB8963F-95BF-4606-9741-8B78641E47D5}.Release|Any CPU.ActiveCfg = Release|Any CPU
		{4BB8963F-95BF-4606-9741-8B78641E47D5}.Release|Any CPU.Build.0 = Release|Any CPU
		{4BB8963F-95BF-4606-9741-8B78641E47D5}.Release|x64.ActiveCfg = Release|Any CPU
		{4BB8963F-95BF-4606-9741-8B78641E47D5}.Release|x64.Build.0 = Release|Any CPU
		{4BB8963F-95BF-4606-9741-8B78641E47D5}.Release|x86.ActiveCfg = Release|Any CPU
		{4BB8963F-95BF-4606-9741-8B78641E47D5}.Release|x86.Build.0 = Release|Any CPU
		{C47BC66A-8D11-429B-9060-7FA1A0D98813}.Debug|Any CPU.ActiveCfg = Debug|Any CPU
		{C47BC66A-8D11-429B-9060-7FA1A0D98813}.Debug|Any CPU.Build.0 = Debug|Any CPU
		{C47BC66A-8D11-429B-9060-7FA1A0D98813}.Debug|x64.ActiveCfg = Debug|Any CPU
		{C47BC66A-8D11-429B-9060-7FA1A0D98813}.Debug|x64.Build.0 = Debug|Any CPU
		{C47BC66A-8D11-429B-9060-7FA1A0D98813}.Debug|x86.ActiveCfg = Debug|Any CPU
		{C47BC66A-8D11-429B-9060-7FA1A0D98813}.Debug|x86.Build.0 = Debug|Any CPU
		{C47BC66A-8D11-429B-9060-7FA1A0D98813}.Release|Any CPU.ActiveCfg = Release|Any CPU
		{C47BC66A-8D11-429B-9060-7FA1A0D98813}.Release|Any CPU.Build.0 = Release|Any CPU
		{C47BC66A-8D11-429B-9060-7FA1A0D98813}.Release|x64.ActiveCfg = Release|Any CPU
		{C47BC66A-8D11-429B-9060-7FA1A0D98813}.Release|x64.Build.0 = Release|Any CPU
		{C47BC66A-8D11-429B-9060-7FA1A0D98813}.Release|x86.ActiveCfg = Release|Any CPU
		{C47BC66A-8D11-429B-9060-7FA1A0D98813}.Release|x86.Build.0 = Release|Any CPU
		{79AEF6D9-9F2C-4648-9A3A-62CD5EFF6C9F}.Debug|Any CPU.ActiveCfg = Debug|Any CPU
		{79AEF6D9-9F2C-4648-9A3A-62CD5EFF6C9F}.Debug|Any CPU.Build.0 = Debug|Any CPU
		{79AEF6D9-9F2C-4648-9A3A-62CD5EFF6C9F}.Debug|x64.ActiveCfg = Debug|Any CPU
		{79AEF6D9-9F2C-4648-9A3A-62CD5EFF6C9F}.Debug|x64.Build.0 = Debug|Any CPU
		{79AEF6D9-9F2C-4648-9A3A-62CD5EFF6C9F}.Debug|x86.ActiveCfg = Debug|Any CPU
		{79AEF6D9-9F2C-4648-9A3A-62CD5EFF6C9F}.Debug|x86.Build.0 = Debug|Any CPU
		{79AEF6D9-9F2C-4648-9A3A-62CD5EFF6C9F}.Release|Any CPU.ActiveCfg = Release|Any CPU
		{79AEF6D9-9F2C-4648-9A3A-62CD5EFF6C9F}.Release|Any CPU.Build.0 = Release|Any CPU
		{79AEF6D9-9F2C-4648-9A3A-62CD5EFF6C9F}.Release|x64.ActiveCfg = Release|Any CPU
		{79AEF6D9-9F2C-4648-9A3A-62CD5EFF6C9F}.Release|x64.Build.0 = Release|Any CPU
		{79AEF6D9-9F2C-4648-9A3A-62CD5EFF6C9F}.Release|x86.ActiveCfg = Release|Any CPU
		{79AEF6D9-9F2C-4648-9A3A-62CD5EFF6C9F}.Release|x86.Build.0 = Release|Any CPU
		{2C1F3E8A-067B-4AAF-8D9D-EE052F3E3609}.Debug|Any CPU.ActiveCfg = Debug|Any CPU
		{2C1F3E8A-067B-4AAF-8D9D-EE052F3E3609}.Debug|Any CPU.Build.0 = Debug|Any CPU
		{2C1F3E8A-067B-4AAF-8D9D-EE052F3E3609}.Debug|x64.ActiveCfg = Debug|Any CPU
		{2C1F3E8A-067B-4AAF-8D9D-EE052F3E3609}.Debug|x64.Build.0 = Debug|Any CPU
		{2C1F3E8A-067B-4AAF-8D9D-EE052F3E3609}.Debug|x86.ActiveCfg = Debug|Any CPU
		{2C1F3E8A-067B-4AAF-8D9D-EE052F3E3609}.Debug|x86.Build.0 = Debug|Any CPU
		{2C1F3E8A-067B-4AAF-8D9D-EE052F3E3609}.Release|Any CPU.ActiveCfg = Release|Any CPU
		{2C1F3E8A-067B-4AAF-8D9D-EE052F3E3609}.Release|Any CPU.Build.0 = Release|Any CPU
		{2C1F3E8A-067B-4AAF-8D9D-EE052F3E3609}.Release|x64.ActiveCfg = Release|Any CPU
		{2C1F3E8A-067B-4AAF-8D9D-EE052F3E3609}.Release|x64.Build.0 = Release|Any CPU
		{2C1F3E8A-067B-4AAF-8D9D-EE052F3E3609}.Release|x86.ActiveCfg = Release|Any CPU
		{2C1F3E8A-067B-4AAF-8D9D-EE052F3E3609}.Release|x86.Build.0 = Release|Any CPU
		{1AB516BF-1B9D-490D-9C8E-215625CA7A82}.Debug|Any CPU.ActiveCfg = Debug|Any CPU
		{1AB516BF-1B9D-490D-9C8E-215625CA7A82}.Debug|Any CPU.Build.0 = Debug|Any CPU
		{1AB516BF-1B9D-490D-9C8E-215625CA7A82}.Debug|x64.ActiveCfg = Debug|Any CPU
		{1AB516BF-1B9D-490D-9C8E-215625CA7A82}.Debug|x64.Build.0 = Debug|Any CPU
		{1AB516BF-1B9D-490D-9C8E-215625CA7A82}.Debug|x86.ActiveCfg = Debug|Any CPU
		{1AB516BF-1B9D-490D-9C8E-215625CA7A82}.Debug|x86.Build.0 = Debug|Any CPU
		{1AB516BF-1B9D-490D-9C8E-215625CA7A82}.Release|Any CPU.ActiveCfg = Release|Any CPU
		{1AB516BF-1B9D-490D-9C8E-215625CA7A82}.Release|Any CPU.Build.0 = Release|Any CPU
		{1AB516BF-1B9D-490D-9C8E-215625CA7A82}.Release|x64.ActiveCfg = Release|Any CPU
		{1AB516BF-1B9D-490D-9C8E-215625CA7A82}.Release|x64.Build.0 = Release|Any CPU
		{1AB516BF-1B9D-490D-9C8E-215625CA7A82}.Release|x86.ActiveCfg = Release|Any CPU
		{1AB516BF-1B9D-490D-9C8E-215625CA7A82}.Release|x86.Build.0 = Release|Any CPU
		{016AC4C9-CC77-4076-8454-016722877BEB}.Debug|Any CPU.ActiveCfg = Debug|Any CPU
		{016AC4C9-CC77-4076-8454-016722877BEB}.Debug|Any CPU.Build.0 = Debug|Any CPU
		{016AC4C9-CC77-4076-8454-016722877BEB}.Debug|x64.ActiveCfg = Debug|Any CPU
		{016AC4C9-CC77-4076-8454-016722877BEB}.Debug|x64.Build.0 = Debug|Any CPU
		{016AC4C9-CC77-4076-8454-016722877BEB}.Debug|x86.ActiveCfg = Debug|Any CPU
		{016AC4C9-CC77-4076-8454-016722877BEB}.Debug|x86.Build.0 = Debug|Any CPU
		{016AC4C9-CC77-4076-8454-016722877BEB}.Release|Any CPU.ActiveCfg = Release|Any CPU
		{016AC4C9-CC77-4076-8454-016722877BEB}.Release|Any CPU.Build.0 = Release|Any CPU
		{016AC4C9-CC77-4076-8454-016722877BEB}.Release|x64.ActiveCfg = Release|Any CPU
		{016AC4C9-CC77-4076-8454-016722877BEB}.Release|x64.Build.0 = Release|Any CPU
		{016AC4C9-CC77-4076-8454-016722877BEB}.Release|x86.ActiveCfg = Release|Any CPU
		{016AC4C9-CC77-4076-8454-016722877BEB}.Release|x86.Build.0 = Release|Any CPU
		{4109AAD9-FD79-4C96-8CE3-0C2E0DB336CF}.Debug|Any CPU.ActiveCfg = Debug|Any CPU
		{4109AAD9-FD79-4C96-8CE3-0C2E0DB336CF}.Debug|Any CPU.Build.0 = Debug|Any CPU
		{4109AAD9-FD79-4C96-8CE3-0C2E0DB336CF}.Debug|x64.ActiveCfg = Debug|Any CPU
		{4109AAD9-FD79-4C96-8CE3-0C2E0DB336CF}.Debug|x64.Build.0 = Debug|Any CPU
		{4109AAD9-FD79-4C96-8CE3-0C2E0DB336CF}.Debug|x86.ActiveCfg = Debug|Any CPU
		{4109AAD9-FD79-4C96-8CE3-0C2E0DB336CF}.Debug|x86.Build.0 = Debug|Any CPU
		{4109AAD9-FD79-4C96-8CE3-0C2E0DB336CF}.Release|Any CPU.ActiveCfg = Release|Any CPU
		{4109AAD9-FD79-4C96-8CE3-0C2E0DB336CF}.Release|Any CPU.Build.0 = Release|Any CPU
		{4109AAD9-FD79-4C96-8CE3-0C2E0DB336CF}.Release|x64.ActiveCfg = Release|Any CPU
		{4109AAD9-FD79-4C96-8CE3-0C2E0DB336CF}.Release|x64.Build.0 = Release|Any CPU
		{4109AAD9-FD79-4C96-8CE3-0C2E0DB336CF}.Release|x86.ActiveCfg = Release|Any CPU
		{4109AAD9-FD79-4C96-8CE3-0C2E0DB336CF}.Release|x86.Build.0 = Release|Any CPU
		{9292423B-C144-4540-8C03-F00E84C1FE7B}.Debug|Any CPU.ActiveCfg = Debug|Any CPU
		{9292423B-C144-4540-8C03-F00E84C1FE7B}.Debug|Any CPU.Build.0 = Debug|Any CPU
		{9292423B-C144-4540-8C03-F00E84C1FE7B}.Debug|x64.ActiveCfg = Debug|Any CPU
		{9292423B-C144-4540-8C03-F00E84C1FE7B}.Debug|x64.Build.0 = Debug|Any CPU
		{9292423B-C144-4540-8C03-F00E84C1FE7B}.Debug|x86.ActiveCfg = Debug|Any CPU
		{9292423B-C144-4540-8C03-F00E84C1FE7B}.Debug|x86.Build.0 = Debug|Any CPU
		{9292423B-C144-4540-8C03-F00E84C1FE7B}.Release|Any CPU.ActiveCfg = Release|Any CPU
		{9292423B-C144-4540-8C03-F00E84C1FE7B}.Release|Any CPU.Build.0 = Release|Any CPU
		{9292423B-C144-4540-8C03-F00E84C1FE7B}.Release|x64.ActiveCfg = Release|Any CPU
		{9292423B-C144-4540-8C03-F00E84C1FE7B}.Release|x64.Build.0 = Release|Any CPU
		{9292423B-C144-4540-8C03-F00E84C1FE7B}.Release|x86.ActiveCfg = Release|Any CPU
		{9292423B-C144-4540-8C03-F00E84C1FE7B}.Release|x86.Build.0 = Release|Any CPU
	EndGlobalSection
	GlobalSection(SolutionProperties) = preSolution
		HideSolutionNode = FALSE
	EndGlobalSection
	GlobalSection(NestedProjects) = preSolution
		{4BB8963F-95BF-4606-9741-8B78641E47D5} = {827E0CD3-B72D-47B6-A68D-7590B98EB39B}
		{C47BC66A-8D11-429B-9060-7FA1A0D98813} = {827E0CD3-B72D-47B6-A68D-7590B98EB39B}
		{79AEF6D9-9F2C-4648-9A3A-62CD5EFF6C9F} = {827E0CD3-B72D-47B6-A68D-7590B98EB39B}
		{2C1F3E8A-067B-4AAF-8D9D-EE052F3E3609} = {827E0CD3-B72D-47B6-A68D-7590B98EB39B}
		{1AB516BF-1B9D-490D-9C8E-215625CA7A82} = {827E0CD3-B72D-47B6-A68D-7590B98EB39B}
		{016AC4C9-CC77-4076-8454-016722877BEB} = {0AB3BF05-4346-4AA6-1389-037BE0695223}
		{4109AAD9-FD79-4C96-8CE3-0C2E0DB336CF} = {0AB3BF05-4346-4AA6-1389-037BE0695223}
		{9292423B-C144-4540-8C03-F00E84C1FE7B} = {0AB3BF05-4346-4AA6-1389-037BE0695223}
	EndGlobalSection
EndGlobal
